
Microsoft Visual Studio Solution File, Format Version 12.00
# Visual Studio Version 16
VisualStudioVersion = 16.0.30804.86
MinimumVisualStudioVersion = 10.0.40219.1
Project("{FAE04EC0-301F-11D3-BF4B-00C04F79EFBC}") = "WebApplication1", "WebApplication1\WebApplication1.csproj", "{D81D3608-A908-4C9A-8C41-0653C3776857}"
EndProject
Global
	GlobalSection(SolutionConfigurationPlatforms) = preSolution
		Debug|Any CPU = Debug|Any CPU
		Release|Any CPU = Release|Any CPU
	EndGlobalSection
	GlobalSection(ProjectConfigurationPlatforms) = postSolution
		{D81D3608-A908-4C9A-8C41-0653C3776857}.Debug|Any CPU.ActiveCfg = Debug|Any CPU
		{D81D3608-A908-4C9A-8C41-0653C3776857}.Debug|Any CPU.Build.0 = Debug|Any CPU
		{D81D3608-A908-4C9A-8C41-0653C3776857}.Release|Any CPU.ActiveCfg = Release|Any CPU
		{D81D3608-A908-4C9A-8C41-0653C3776857}.Release|Any CPU.Build.0 = Release|Any CPU
	EndGlobalSection
	GlobalSection(SolutionProperties) = preSolution
		HideSolutionNode = FALSE
	EndGlobalSection
	GlobalSection(ExtensibilityGlobals) = postSolution
		SolutionGuid = {E821B8B1-77F5-4399-A960-AEC5CC455770}
	EndGlobalSection
EndGlobal
